
Microsoft Visual Studio Solution File, Format Version 12.00
# Visual Studio Version 17
VisualStudioVersion = 17.8.34316.72
MinimumVisualStudioVersion = 10.0.40219.1
Project("{FAE04EC0-301F-11D3-BF4B-00C04F79EFBC}") = "WebApplication1", "WebApplication1\WebApplication1.csproj", "{C0505E7A-703B-4F60-97E0-885C3329F4CB}"
EndProject
Global
	GlobalSection(SolutionConfigurationPlatforms) = preSolution
		Debug|Any CPU = Debug|Any CPU
		Release|Any CPU = Release|Any CPU
	EndGlobalSection
	GlobalSection(ProjectConfigurationPlatforms) = postSolution
		{C0505E7A-703B-4F60-97E0-885C3329F4CB}.Debug|Any CPU.ActiveCfg = Debug|Any CPU
		{C0505E7A-703B-4F60-97E0-885C3329F4CB}.Debug|Any CPU.Build.0 = Debug|Any CPU
		{C0505E7A-703B-4F60-97E0-885C3329F4CB}.Release|Any CPU.ActiveCfg = Release|Any CPU
		{C0505E7A-703B-4F60-97E0-885C3329F4CB}.Release|Any CPU.Build.0 = Release|Any CPU
	EndGlobalSection
	GlobalSection(SolutionProperties) = preSolution
		HideSolutionNode = FALSE
	EndGlobalSection
	GlobalSection(ExtensibilityGlobals) = postSolution
		SolutionGuid = {C9A4423F-FE6B-41FB-82A1-ED346C309AF4}
	EndGlobalSection
EndGlobal
